
Microsoft Visual Studio Solution File, Format Version 12.00
# Visual Studio 15
VisualStudioVersion = 15.0.26430.12
MinimumVisualStudioVersion = 10.0.40219.1
Project("{FAE04EC0-301F-11D3-BF4B-00C04F79EFBC}") = "JDash.Netframework.Tutorial", "JDash.Netframework.Tutorial\JDash.Netframework.Tutorial.csproj", "{B8EF8EEA-CF8F-4341-8DA7-5E3C6F9C71DB}"
EndProject
Global
	GlobalSection(SolutionConfigurationPlatforms) = preSolution
		Debug|Any CPU = Debug|Any CPU
		Release|Any CPU = Release|Any CPU
	EndGlobalSection
	GlobalSection(ProjectConfigurationPlatforms) = postSolution
		{B8EF8EEA-CF8F-4341-8DA7-5E3C6F9C71DB}.Debug|Any CPU.ActiveCfg = Debug|Any CPU
		{B8EF8EEA-CF8F-4341-8DA7-5E3C6F9C71DB}.Debug|Any CPU.Build.0 = Debug|Any CPU
		{B8EF8EEA-CF8F-4341-8DA7-5E3C6F9C71DB}.Release|Any CPU.ActiveCfg = Release|Any CPU
		{B8EF8EEA-CF8F-4341-8DA7-5E3C6F9C71DB}.Release|Any CPU.Build.0 = Release|Any CPU
	EndGlobalSection
	GlobalSection(SolutionProperties) = preSolution
		HideSolutionNode = FALSE
	EndGlobalSection
EndGlobal
